
Microsoft Visual Studio Solution File, Format Version 12.00
# Visual Studio Version 17
VisualStudioVersion = 17.9.34728.123
MinimumVisualStudioVersion = 10.0.40219.1
Project("{8BC9CEB8-8B4A-11D0-8D11-00A0C91BC942}") = "SimpleReservoirSimulator", "SimpleReservoirSimulator.vcxproj", "{858A6512-E661-408A-A0C7-B52B0DB49CAB}"
EndProject
Project("{8BC9CEB8-8B4A-11D0-8D11-00A0C91BC942}") = "SimpleReservoirSimulatorTests", "..\SimpleReservoirSimulatorTests\SimpleReservoirSimulatorTests.vcxproj", "{502970F1-BD9C-4567-BF73-C4B4544CE0A0}"
EndProject
Global
	GlobalSection(SolutionConfigurationPlatforms) = preSolution
		Debug|x64 = Debug|x64
		Debug|x86 = Debug|x86
		Release|x64 = Release|x64
		Release|x86 = Release|x86
	EndGlobalSection
	GlobalSection(ProjectConfigurationPlatforms) = postSolution
		{858A6512-E661-408A-A0C7-B52B0DB49CAB}.Debug|x64.ActiveCfg = Debug|x64
		{858A6512-E661-408A-A0C7-B52B0DB49CAB}.Debug|x64.Build.0 = Debug|x64
		{858A6512-E661-408A-A0C7-B52B0DB49CAB}.Debug|x86.ActiveCfg = Debug|Win32
		{858A6512-E661-408A-A0C7-B52B0DB49CAB}.Debug|x86.Build.0 = Debug|Win32
		{858A6512-E661-408A-A0C7-B52B0DB49CAB}.Release|x64.ActiveCfg = Release|x64
		{858A6512-E661-408A-A0C7-B52B0DB49CAB}.Release|x64.Build.0 = Release|x64
		{858A6512-E661-408A-A0C7-B52B0DB49CAB}.Release|x86.ActiveCfg = Release|Win32
		{858A6512-E661-408A-A0C7-B52B0DB49CAB}.Release|x86.Build.0 = Release|Win32
		{502970F1-BD9C-4567-BF73-C4B4544CE0A0}.Debug|x64.ActiveCfg = Debug|x64
		{502970F1-BD9C-4567-BF73-C4B4544CE0A0}.Debug|x64.Build.0 = Debug|x64
		{502970F1-BD9C-4567-BF73-C4B4544CE0A0}.Debug|x86.ActiveCfg = Debug|Win32
		{502970F1-BD9C-4567-BF73-C4B4544CE0A0}.Debug|x86.Build.0 = Debug|Win32
		{502970F1-BD9C-4567-BF73-C4B4544CE0A0}.Release|x64.ActiveCfg = Release|x64
		{502970F1-BD9C-4567-BF73-C4B4544CE0A0}.Release|x64.Build.0 = Release|x64
		{502970F1-BD9C-4567-BF73-C4B4544CE0A0}.Release|x86.ActiveCfg = Release|Win32
		{502970F1-BD9C-4567-BF73-C4B4544CE0A0}.Release|x86.Build.0 = Release|Win32
	EndGlobalSection
	GlobalSection(SolutionProperties) = preSolution
		HideSolutionNode = FALSE
	EndGlobalSection
	GlobalSection(ExtensibilityGlobals) = postSolution
		SolutionGuid = {CDAE416A-93D8-45C7-B438-060B7C673557}
	EndGlobalSection
EndGlobal
